
Microsoft Visual Studio Solution File, Format Version 12.00
# Visual Studio 15
Project("{FAE04EC0-301F-11D3-BF4B-00C04F79EFBC}") = "Assembly-CSharp", "Assembly-CSharp.csproj", "{C64EA3E9-9D93-2B0E-B5B9-C584EDD0F12D}"
EndProject
Project("{FAE04EC0-301F-11D3-BF4B-00C04F79EFBC}") = "Assembly-CSharp-Editor", "Assembly-CSharp-Editor.csproj", "{FBD4B46A-DC8C-7007-5A95-28A4F4F48290}"
EndProject
Global
	GlobalSection(SolutionConfigurationPlatforms) = preSolution
		Debug|Any CPU = Debug|Any CPU
		Release|Any CPU = Release|Any CPU
	EndGlobalSection
	GlobalSection(ProjectConfigurationPlatforms) = postSolution
		{C64EA3E9-9D93-2B0E-B5B9-C584EDD0F12D}.Debug|Any CPU.ActiveCfg = Debug|Any CPU
		{C64EA3E9-9D93-2B0E-B5B9-C584EDD0F12D}.Debug|Any CPU.Build.0 = Debug|Any CPU
		{C64EA3E9-9D93-2B0E-B5B9-C584EDD0F12D}.Release|Any CPU.ActiveCfg = Release|Any CPU
		{C64EA3E9-9D93-2B0E-B5B9-C584EDD0F12D}.Release|Any CPU.Build.0 = Release|Any CPU
		{FBD4B46A-DC8C-7007-5A95-28A4F4F48290}.Debug|Any CPU.ActiveCfg = Debug|Any CPU
		{FBD4B46A-DC8C-7007-5A95-28A4F4F48290}.Debug|Any CPU.Build.0 = Debug|Any CPU
		{FBD4B46A-DC8C-7007-5A95-28A4F4F48290}.Release|Any CPU.ActiveCfg = Release|Any CPU
		{FBD4B46A-DC8C-7007-5A95-28A4F4F48290}.Release|Any CPU.Build.0 = Release|Any CPU
	EndGlobalSection
	GlobalSection(SolutionProperties) = preSolution
		HideSolutionNode = FALSE
	EndGlobalSection
EndGlobal
